// !$*UTF8*$!
{
	archiveVersion = 1;
	classes = {
	};
	objectVersion = 52;
	objects = {

/* Begin PBXBuildFile section */
		5E03303C24BE055B001D86D1 /* Toast.swift in Sources */ = {isa = PBXBuildFile; fileRef = 5E03303B24BE055B001D86D1 /* Toast.swift */; };
		5E03303E24BE117B001D86D1 /* ToastQueue.swift in Sources */ = {isa = PBXBuildFile; fileRef = 5E03303D24BE117B001D86D1 /* ToastQueue.swift */; };
		5E03304624BF3C29001D86D1 /* App.Configuration.plist in Resources */ = {isa = PBXBuildFile; fileRef = 5E03304524BF3C29001D86D1 /* App.Configuration.plist */; };
		5E03304824BF3C53001D86D1 /* AppConfiguration.swift in Sources */ = {isa = PBXBuildFile; fileRef = 5E03304724BF3C53001D86D1 /* AppConfiguration.swift */; };
		5E03304A24BF4120001D86D1 /* UserFacingError.swift in Sources */ = {isa = PBXBuildFile; fileRef = 5E03304924BF4120001D86D1 /* UserFacingError.swift */; };
		5E03304C24BF47E9001D86D1 /* ErrorMessage.swift in Sources */ = {isa = PBXBuildFile; fileRef = 5E03304324BF3B92001D86D1 /* ErrorMessage.swift */; };
		5E03304E24BF49A4001D86D1 /* MailComposer.swift in Sources */ = {isa = PBXBuildFile; fileRef = 5E03304D24BF49A4001D86D1 /* MailComposer.swift */; };
		5E03305024BF5001001D86D1 /* MailComposer+Factory.swift in Sources */ = {isa = PBXBuildFile; fileRef = 5E03304F24BF5001001D86D1 /* MailComposer+Factory.swift */; };
		5E03305424BF5FBA001D86D1 /* Haptics.swift in Sources */ = {isa = PBXBuildFile; fileRef = 5E03305324BF5FBA001D86D1 /* Haptics.swift */; };
		5E03305B24BF6069001D86D1 /* View+Helpers.swift in Sources */ = {isa = PBXBuildFile; fileRef = 5E03305A24BF6069001D86D1 /* View+Helpers.swift */; };
		5E17B45F24C0FEBD000FA57E /* ScaleButtonStyle.swift in Sources */ = {isa = PBXBuildFile; fileRef = 5E17B45E24C0FEBD000FA57E /* ScaleButtonStyle.swift */; };
		5E17D36F24BF611A003E99D1 /* Decimal+Helpers.swift in Sources */ = {isa = PBXBuildFile; fileRef = 5E17D36E24BF611A003E99D1 /* Decimal+Helpers.swift */; };
		5E17D37124BF6234003E99D1 /* MetroCardData.swift in Sources */ = {isa = PBXBuildFile; fileRef = 5E17D37024BF6234003E99D1 /* MetroCardData.swift */; };
		5E17D37424BF659D003E99D1 /* InfoPlist.swift in Sources */ = {isa = PBXBuildFile; fileRef = 5E17D37324BF659D003E99D1 /* InfoPlist.swift */; };
		5E17D37724BFCF34003E99D1 /* TaskCompletion.swift in Sources */ = {isa = PBXBuildFile; fileRef = 5E17D37624BFCF34003E99D1 /* TaskCompletion.swift */; };
		5E17D37924BFD1A7003E99D1 /* Alert+ErrorMessage.swift in Sources */ = {isa = PBXBuildFile; fileRef = 5E17D37824BFD1A7003E99D1 /* Alert+ErrorMessage.swift */; };
		5E17D37B24C0AE04003E99D1 /* TextFieldAlert+UIAlertController.swift in Sources */ = {isa = PBXBuildFile; fileRef = 5E17D37A24C0AE03003E99D1 /* TextFieldAlert+UIAlertController.swift */; };
		5E17D37D24C0BE97003E99D1 /* TextFieldAlertWrapper.swift in Sources */ = {isa = PBXBuildFile; fileRef = 5E17D37C24C0BE97003E99D1 /* TextFieldAlertWrapper.swift */; };
		5E421A3B24C103E200AB8ED4 /* Design+Colors.swift in Sources */ = {isa = PBXBuildFile; fileRef = 5E421A3A24C103E200AB8ED4 /* Design+Colors.swift */; };
		5E421A3D24C103FE00AB8ED4 /* Design+Images.swift in Sources */ = {isa = PBXBuildFile; fileRef = 5E421A3C24C103FE00AB8ED4 /* Design+Images.swift */; };
		5E421A3F24C1041700AB8ED4 /* Design+Shapes.swift in Sources */ = {isa = PBXBuildFile; fileRef = 5E421A3E24C1041700AB8ED4 /* Design+Shapes.swift */; };
		5E421A4324C1070400AB8ED4 /* CloudKit.framework in Frameworks */ = {isa = PBXBuildFile; fileRef = 5E421A4224C1070400AB8ED4 /* CloudKit.framework */; };
		5E421A4524C1160B00AB8ED4 /* ObjectReferenceTests.swift in Sources */ = {isa = PBXBuildFile; fileRef = 5E421A4424C1160B00AB8ED4 /* ObjectReferenceTests.swift */; };
		5E421A4724C117DD00AB8ED4 /* UserPreferencesTests.swift in Sources */ = {isa = PBXBuildFile; fileRef = 5E421A4624C117DD00AB8ED4 /* UserPreferencesTests.swift */; };
		5E421A7024C1D70D00AB8ED4 /* FlexibleStack.swift in Sources */ = {isa = PBXBuildFile; fileRef = 5E421A6F24C1D70D00AB8ED4 /* FlexibleStack.swift */; };
		5E421A7224C1D7D900AB8ED4 /* ContentSize+UIKit.swift in Sources */ = {isa = PBXBuildFile; fileRef = 5E421A7124C1D7D900AB8ED4 /* ContentSize+UIKit.swift */; };
		5E421A7424C1F12A00AB8ED4 /* ColorScheme+Helpers.swift in Sources */ = {isa = PBXBuildFile; fileRef = 5E421A7324C1F12900AB8ED4 /* ColorScheme+Helpers.swift */; };
		5E497D4624B7EFF500EE584E /* MetroCardShape.swift in Sources */ = {isa = PBXBuildFile; fileRef = 5E497D4524B7EFF500EE584E /* MetroCardShape.swift */; };
		5E497D4824B8CF1500EE584E /* MetroCardView.swift in Sources */ = {isa = PBXBuildFile; fileRef = 5E497D4724B8CF1500EE584E /* MetroCardView.swift */; };
		5E497D4A24B8E1BC00EE584E /* RoundedButton.swift in Sources */ = {isa = PBXBuildFile; fileRef = 5E497D4924B8E1BC00EE584E /* RoundedButton.swift */; };
		5E497D4C24B8F32D00EE584E /* LaunchScreen.storyboard in Resources */ = {isa = PBXBuildFile; fileRef = 5E497D4B24B8F32D00EE584E /* LaunchScreen.storyboard */; };
		5E497D5024B9104000EE584E /* NavigationBar.swift in Sources */ = {isa = PBXBuildFile; fileRef = 5E497D4F24B9104000EE584E /* NavigationBar.swift */; };
		5E497D5424B92D4F00EE584E /* MetroCardViewModel.swift in Sources */ = {isa = PBXBuildFile; fileRef = 5E497D5224B92D2300EE584E /* MetroCardViewModel.swift */; };
		5E497D5724B92DA300EE584E /* MetroModels.xcdatamodeld in Sources */ = {isa = PBXBuildFile; fileRef = 5E497D5524B92DA300EE584E /* MetroModels.xcdatamodeld */; };
		5E497D5924B92F6D00EE584E /* ObjectReference.swift in Sources */ = {isa = PBXBuildFile; fileRef = 5E497D5824B92F6D00EE584E /* ObjectReference.swift */; };
		5E497D5B24B9305A00EE584E /* MetroCardUpdate.swift in Sources */ = {isa = PBXBuildFile; fileRef = 5E497D5A24B9305A00EE584E /* MetroCardUpdate.swift */; };
		5E497D5F24B93E0B00EE584E /* PersistentStore.swift in Sources */ = {isa = PBXBuildFile; fileRef = 5E497D5E24B93E0B00EE584E /* PersistentStore.swift */; };
		5E497D6124B9433600EE584E /* RootView.swift in Sources */ = {isa = PBXBuildFile; fileRef = 5E497D6024B9433600EE584E /* RootView.swift */; };
		5E497D6324B9503300EE584E /* TextFieldAlert.swift in Sources */ = {isa = PBXBuildFile; fileRef = 5E497D6224B9503300EE584E /* TextFieldAlert.swift */; };
		5E497D6724BA278600EE584E /* ManagedObjectObserver.swift in Sources */ = {isa = PBXBuildFile; fileRef = 5E497D6624BA278500EE584E /* ManagedObjectObserver.swift */; };
		5E497D6E24BA5A9D00EE584E /* NSPersistentContainer+Helpers.swift in Sources */ = {isa = PBXBuildFile; fileRef = 5E497D6D24BA5A9D00EE584E /* NSPersistentContainer+Helpers.swift */; };
		5E497D7024BA5D9900EE584E /* NSManagedObjectModel+Helpers.swift in Sources */ = {isa = PBXBuildFile; fileRef = 5E497D6F24BA5D9900EE584E /* NSManagedObjectModel+Helpers.swift */; };
		5E497D7324BA5EE500EE584E /* SymbolicLocation.swift in Sources */ = {isa = PBXBuildFile; fileRef = 5E497D7224BA5EE500EE584E /* SymbolicLocation.swift */; };
		5E497D7524BA617400EE584E /* MetroCardDataStoreError.swift in Sources */ = {isa = PBXBuildFile; fileRef = 5E497D7424BA617400EE584E /* MetroCardDataStoreError.swift */; };
		5E497D7F24BB3EB100EE584E /* CombineExt in Frameworks */ = {isa = PBXBuildFile; productRef = 5E497D7E24BB3EB100EE584E /* CombineExt */; };
		5E497D8624BB444200EE584E /* PersistentMetroCardDataStoreTests.swift in Sources */ = {isa = PBXBuildFile; fileRef = 5E497D8524BB444200EE584E /* PersistentMetroCardDataStoreTests.swift */; };
		5E497D8824BB456100EE584E /* SymbolicLocationTests.swift in Sources */ = {isa = PBXBuildFile; fileRef = 5E497D8724BB456100EE584E /* SymbolicLocationTests.swift */; };
		5E497D8A24BB4BDC00EE584E /* PersistentStoreTests.swift in Sources */ = {isa = PBXBuildFile; fileRef = 5E497D8924BB4BDC00EE584E /* PersistentStoreTests.swift */; };
		5E497D8C24BB4C2E00EE584E /* FileBasedTestCase.swift in Sources */ = {isa = PBXBuildFile; fileRef = 5E497D8B24BB4C2E00EE584E /* FileBasedTestCase.swift */; };
		5E497D9024BB504000EE584E /* MetroCard+Mock.swift in Sources */ = {isa = PBXBuildFile; fileRef = 5E497D8F24BB504000EE584E /* MetroCard+Mock.swift */; };
		5E497D9424BC822D00EE584E /* DatePickerSheet.swift in Sources */ = {isa = PBXBuildFile; fileRef = 5E497D9324BC822B00EE584E /* DatePickerSheet.swift */; };
		5E497D9624BC866C00EE584E /* ModalSheet.swift in Sources */ = {isa = PBXBuildFile; fileRef = 5E497D9524BC866C00EE584E /* ModalSheet.swift */; };
		5E497D9A24BD083B00EE584E /* RootViewModel.swift in Sources */ = {isa = PBXBuildFile; fileRef = 5E497D9924BD083A00EE584E /* RootViewModel.swift */; };
		5E497D9C24BD0AAA00EE584E /* BackgroundView.swift in Sources */ = {isa = PBXBuildFile; fileRef = 5E497D9B24BD0AAA00EE584E /* BackgroundView.swift */; };
		5E497D9E24BD164300EE584E /* ErrorScreen.swift in Sources */ = {isa = PBXBuildFile; fileRef = 5E497D9D24BD164300EE584E /* ErrorScreen.swift */; };
		5E497DA024BD167C00EE584E /* MetroCardActionButton.swift in Sources */ = {isa = PBXBuildFile; fileRef = 5E497D9F24BD167C00EE584E /* MetroCardActionButton.swift */; };
		5E497DA224BD378300EE584E /* MetroCardActionGrid.swift in Sources */ = {isa = PBXBuildFile; fileRef = 5E497DA124BD378200EE584E /* MetroCardActionGrid.swift */; };
		5E497DA624BD3CC400EE584E /* TextFieldAlert+Factory.swift in Sources */ = {isa = PBXBuildFile; fileRef = 5E497DA524BD3CC400EE584E /* TextFieldAlert+Factory.swift */; };
		5EC7A60824BDE8F200E3ED39 /* Design+Fonts.swift in Sources */ = {isa = PBXBuildFile; fileRef = 5EC7A60724BDE8F200E3ED39 /* Design+Fonts.swift */; };
		5EC7A60B24BDEF0300E3ED39 /* UserPreferences.swift in Sources */ = {isa = PBXBuildFile; fileRef = 5EC7A60A24BDEF0300E3ED39 /* UserPreferences.swift */; };
		5EC7A60D24BDF15800E3ED39 /* PropertyListRepresentable.swift in Sources */ = {isa = PBXBuildFile; fileRef = 5EC7A60C24BDF15800E3ED39 /* PropertyListRepresentable.swift */; };
		5EC7A60F24BDF2B900E3ED39 /* UserPreferenceKey.swift in Sources */ = {isa = PBXBuildFile; fileRef = 5EC7A60E24BDF2B900E3ED39 /* UserPreferenceKey.swift */; };
		5EC7A61124BDF68100E3ED39 /* OnboardingTipView.swift in Sources */ = {isa = PBXBuildFile; fileRef = 5EC7A61024BDF68100E3ED39 /* OnboardingTipView.swift */; };
		5EC7A61324BE003200E3ED39 /* Localizable.stringsdict in Resources */ = {isa = PBXBuildFile; fileRef = 5EC7A61224BE003200E3ED39 /* Localizable.stringsdict */; };
		5ED4E28A24B3E33300B37946 /* AppDelegate.swift in Sources */ = {isa = PBXBuildFile; fileRef = 5ED4E28924B3E33300B37946 /* AppDelegate.swift */; };
		5ED4E28C24B3E33400B37946 /* MetroCardScreen.swift in Sources */ = {isa = PBXBuildFile; fileRef = 5ED4E28B24B3E33400B37946 /* MetroCardScreen.swift */; };
		5ED4E28E24B3E33D00B37946 /* Assets.xcassets in Resources */ = {isa = PBXBuildFile; fileRef = 5ED4E28D24B3E33D00B37946 /* Assets.xcassets */; };
		5ED4E29124B3E33D00B37946 /* Preview Assets.xcassets in Resources */ = {isa = PBXBuildFile; fileRef = 5ED4E29024B3E33D00B37946 /* Preview Assets.xcassets */; };
		5ED4E2A624B3E3B400B37946 /* MetroKit.framework in Frameworks */ = {isa = PBXBuildFile; fileRef = 5ED4E29D24B3E3B400B37946 /* MetroKit.framework */; };
		5ED4E2B224B3E3B400B37946 /* MetroKit.framework in Frameworks */ = {isa = PBXBuildFile; fileRef = 5ED4E29D24B3E3B400B37946 /* MetroKit.framework */; };
		5ED4E2B324B3E3B400B37946 /* MetroKit.framework in Embed Frameworks */ = {isa = PBXBuildFile; fileRef = 5ED4E29D24B3E3B400B37946 /* MetroKit.framework */; settings = {ATTRIBUTES = (CodeSignOnCopy, RemoveHeadersOnCopy, ); }; };
		5ED4E2BC24B3E3D500B37946 /* MetroDataStore.swift in Sources */ = {isa = PBXBuildFile; fileRef = 5ED4E2BB24B3E3D500B37946 /* MetroDataStore.swift */; };
		5ED4E2C024B3E3EB00B37946 /* MetroCard.swift in Sources */ = {isa = PBXBuildFile; fileRef = 5ED4E2BF24B3E3EB00B37946 /* MetroCard.swift */; };
		5ED4E2CE24B408AA00B37946 /* MockFileManager.swift in Sources */ = {isa = PBXBuildFile; fileRef = 5ED4E2CD24B408AA00B37946 /* MockFileManager.swift */; };
/* End PBXBuildFile section */

/* Begin PBXContainerItemProxy section */
		5ED4E2A724B3E3B400B37946 /* PBXContainerItemProxy */ = {
			isa = PBXContainerItemProxy;
			containerPortal = 5ED4E27E24B3E33300B37946 /* Project object */;
			proxyType = 1;
			remoteGlobalIDString = 5ED4E29C24B3E3B400B37946;
			remoteInfo = MetroKit;
		};
		5ED4E2B024B3E3B400B37946 /* PBXContainerItemProxy */ = {
			isa = PBXContainerItemProxy;
			containerPortal = 5ED4E27E24B3E33300B37946 /* Project object */;
			proxyType = 1;
			remoteGlobalIDString = 5ED4E29C24B3E3B400B37946;
			remoteInfo = MetroKit;
		};
/* End PBXContainerItemProxy section */

/* Begin PBXCopyFilesBuildPhase section */
		5ED4E2B724B3E3B400B37946 /* Embed Frameworks */ = {
			isa = PBXCopyFilesBuildPhase;
			buildActionMask = 2147483647;
			dstPath = "";
			dstSubfolderSpec = 10;
			files = (
				5ED4E2B324B3E3B400B37946 /* MetroKit.framework in Embed Frameworks */,
			);
			name = "Embed Frameworks";
			runOnlyForDeploymentPostprocessing = 0;
		};
/* End PBXCopyFilesBuildPhase section */

/* Begin PBXFileReference section */
		5E03303B24BE055B001D86D1 /* Toast.swift */ = {isa = PBXFileReference; lastKnownFileType = sourcecode.swift; path = Toast.swift; sourceTree = "<group>"; };
		5E03303D24BE117B001D86D1 /* ToastQueue.swift */ = {isa = PBXFileReference; lastKnownFileType = sourcecode.swift; path = ToastQueue.swift; sourceTree = "<group>"; };
		5E03304324BF3B92001D86D1 /* ErrorMessage.swift */ = {isa = PBXFileReference; lastKnownFileType = sourcecode.swift; path = ErrorMessage.swift; sourceTree = "<group>"; };
		5E03304524BF3C29001D86D1 /* App.Configuration.plist */ = {isa = PBXFileReference; lastKnownFileType = text.plist.xml; path = App.Configuration.plist; sourceTree = "<group>"; };
		5E03304724BF3C53001D86D1 /* AppConfiguration.swift */ = {isa = PBXFileReference; lastKnownFileType = sourcecode.swift; path = AppConfiguration.swift; sourceTree = "<group>"; };
		5E03304924BF4120001D86D1 /* UserFacingError.swift */ = {isa = PBXFileReference; lastKnownFileType = sourcecode.swift; path = UserFacingError.swift; sourceTree = "<group>"; };
		5E03304D24BF49A4001D86D1 /* MailComposer.swift */ = {isa = PBXFileReference; lastKnownFileType = sourcecode.swift; path = MailComposer.swift; sourceTree = "<group>"; };
		5E03304F24BF5001001D86D1 /* MailComposer+Factory.swift */ = {isa = PBXFileReference; lastKnownFileType = sourcecode.swift; path = "MailComposer+Factory.swift"; sourceTree = "<group>"; };
		5E03305324BF5FBA001D86D1 /* Haptics.swift */ = {isa = PBXFileReference; lastKnownFileType = sourcecode.swift; path = Haptics.swift; sourceTree = "<group>"; };
		5E03305A24BF6069001D86D1 /* View+Helpers.swift */ = {isa = PBXFileReference; lastKnownFileType = sourcecode.swift; path = "View+Helpers.swift"; sourceTree = "<group>"; };
		5E17B45E24C0FEBD000FA57E /* ScaleButtonStyle.swift */ = {isa = PBXFileReference; lastKnownFileType = sourcecode.swift; path = ScaleButtonStyle.swift; sourceTree = "<group>"; };
		5E17D36E24BF611A003E99D1 /* Decimal+Helpers.swift */ = {isa = PBXFileReference; lastKnownFileType = sourcecode.swift; path = "Decimal+Helpers.swift"; sourceTree = "<group>"; };
		5E17D37024BF6234003E99D1 /* MetroCardData.swift */ = {isa = PBXFileReference; lastKnownFileType = sourcecode.swift; path = MetroCardData.swift; sourceTree = "<group>"; };
		5E17D37324BF659D003E99D1 /* InfoPlist.swift */ = {isa = PBXFileReference; lastKnownFileType = sourcecode.swift; path = InfoPlist.swift; sourceTree = "<group>"; };
		5E17D37624BFCF34003E99D1 /* TaskCompletion.swift */ = {isa = PBXFileReference; lastKnownFileType = sourcecode.swift; path = TaskCompletion.swift; sourceTree = "<group>"; };
		5E17D37824BFD1A7003E99D1 /* Alert+ErrorMessage.swift */ = {isa = PBXFileReference; lastKnownFileType = sourcecode.swift; path = "Alert+ErrorMessage.swift"; sourceTree = "<group>"; };
		5E17D37A24C0AE03003E99D1 /* TextFieldAlert+UIAlertController.swift */ = {isa = PBXFileReference; lastKnownFileType = sourcecode.swift; path = "TextFieldAlert+UIAlertController.swift"; sourceTree = "<group>"; };
		5E17D37C24C0BE97003E99D1 /* TextFieldAlertWrapper.swift */ = {isa = PBXFileReference; lastKnownFileType = sourcecode.swift; path = TextFieldAlertWrapper.swift; sourceTree = "<group>"; };
		5E421A3A24C103E200AB8ED4 /* Design+Colors.swift */ = {isa = PBXFileReference; lastKnownFileType = sourcecode.swift; path = "Design+Colors.swift"; sourceTree = "<group>"; };
		5E421A3C24C103FE00AB8ED4 /* Design+Images.swift */ = {isa = PBXFileReference; lastKnownFileType = sourcecode.swift; path = "Design+Images.swift"; sourceTree = "<group>"; };
		5E421A3E24C1041700AB8ED4 /* Design+Shapes.swift */ = {isa = PBXFileReference; lastKnownFileType = sourcecode.swift; path = "Design+Shapes.swift"; sourceTree = "<group>"; };
		5E421A4024C106F100AB8ED4 /* MetroBuddy.entitlements */ = {isa = PBXFileReference; lastKnownFileType = text.plist.entitlements; path = MetroBuddy.entitlements; sourceTree = "<group>"; };
		5E421A4224C1070400AB8ED4 /* CloudKit.framework */ = {isa = PBXFileReference; lastKnownFileType = wrapper.framework; name = CloudKit.framework; path = System/Library/Frameworks/CloudKit.framework; sourceTree = SDKROOT; };
		5E421A4424C1160B00AB8ED4 /* ObjectReferenceTests.swift */ = {isa = PBXFileReference; lastKnownFileType = sourcecode.swift; path = ObjectReferenceTests.swift; sourceTree = "<group>"; };
		5E421A4624C117DD00AB8ED4 /* UserPreferencesTests.swift */ = {isa = PBXFileReference; lastKnownFileType = sourcecode.swift; path = UserPreferencesTests.swift; sourceTree = "<group>"; };
		5E421A6F24C1D70D00AB8ED4 /* FlexibleStack.swift */ = {isa = PBXFileReference; lastKnownFileType = sourcecode.swift; path = FlexibleStack.swift; sourceTree = "<group>"; };
		5E421A7124C1D7D900AB8ED4 /* ContentSize+UIKit.swift */ = {isa = PBXFileReference; lastKnownFileType = sourcecode.swift; path = "ContentSize+UIKit.swift"; sourceTree = "<group>"; };
		5E421A7324C1F12900AB8ED4 /* ColorScheme+Helpers.swift */ = {isa = PBXFileReference; lastKnownFileType = sourcecode.swift; path = "ColorScheme+Helpers.swift"; sourceTree = "<group>"; };
		5E497D4524B7EFF500EE584E /* MetroCardShape.swift */ = {isa = PBXFileReference; lastKnownFileType = sourcecode.swift; path = MetroCardShape.swift; sourceTree = "<group>"; };
		5E497D4724B8CF1500EE584E /* MetroCardView.swift */ = {isa = PBXFileReference; lastKnownFileType = sourcecode.swift; path = MetroCardView.swift; sourceTree = "<group>"; };
		5E497D4924B8E1BC00EE584E /* RoundedButton.swift */ = {isa = PBXFileReference; lastKnownFileType = sourcecode.swift; path = RoundedButton.swift; sourceTree = "<group>"; };
		5E497D4B24B8F32D00EE584E /* LaunchScreen.storyboard */ = {isa = PBXFileReference; lastKnownFileType = file.storyboard; path = LaunchScreen.storyboard; sourceTree = "<group>"; };
		5E497D4F24B9104000EE584E /* NavigationBar.swift */ = {isa = PBXFileReference; lastKnownFileType = sourcecode.swift; path = NavigationBar.swift; sourceTree = "<group>"; };
		5E497D5224B92D2300EE584E /* MetroCardViewModel.swift */ = {isa = PBXFileReference; lastKnownFileType = sourcecode.swift; path = MetroCardViewModel.swift; sourceTree = "<group>"; };
		5E497D5624B92DA300EE584E /* MetroModels.xcdatamodel */ = {isa = PBXFileReference; lastKnownFileType = wrapper.xcdatamodel; path = MetroModels.xcdatamodel; sourceTree = "<group>"; };
		5E497D5824B92F6D00EE584E /* ObjectReference.swift */ = {isa = PBXFileReference; lastKnownFileType = sourcecode.swift; path = ObjectReference.swift; sourceTree = "<group>"; };
		5E497D5A24B9305A00EE584E /* MetroCardUpdate.swift */ = {isa = PBXFileReference; lastKnownFileType = sourcecode.swift; path = MetroCardUpdate.swift; sourceTree = "<group>"; };
		5E497D5E24B93E0B00EE584E /* PersistentStore.swift */ = {isa = PBXFileReference; lastKnownFileType = sourcecode.swift; path = PersistentStore.swift; sourceTree = "<group>"; };
		5E497D6024B9433600EE584E /* RootView.swift */ = {isa = PBXFileReference; lastKnownFileType = sourcecode.swift; path = RootView.swift; sourceTree = "<group>"; };
		5E497D6224B9503300EE584E /* TextFieldAlert.swift */ = {isa = PBXFileReference; lastKnownFileType = sourcecode.swift; path = TextFieldAlert.swift; sourceTree = "<group>"; };
		5E497D6624BA278500EE584E /* ManagedObjectObserver.swift */ = {isa = PBXFileReference; lastKnownFileType = sourcecode.swift; path = ManagedObjectObserver.swift; sourceTree = "<group>"; };
		5E497D6D24BA5A9D00EE584E /* NSPersistentContainer+Helpers.swift */ = {isa = PBXFileReference; lastKnownFileType = sourcecode.swift; path = "NSPersistentContainer+Helpers.swift"; sourceTree = "<group>"; };
		5E497D6F24BA5D9900EE584E /* NSManagedObjectModel+Helpers.swift */ = {isa = PBXFileReference; lastKnownFileType = sourcecode.swift; path = "NSManagedObjectModel+Helpers.swift"; sourceTree = "<group>"; };
		5E497D7224BA5EE500EE584E /* SymbolicLocation.swift */ = {isa = PBXFileReference; lastKnownFileType = sourcecode.swift; path = SymbolicLocation.swift; sourceTree = "<group>"; };
		5E497D7424BA617400EE584E /* MetroCardDataStoreError.swift */ = {isa = PBXFileReference; lastKnownFileType = sourcecode.swift; path = MetroCardDataStoreError.swift; sourceTree = "<group>"; };
		5E497D8424BB401100EE584E /* MetroKit.xcconfig */ = {isa = PBXFileReference; lastKnownFileType = text.xcconfig; path = MetroKit.xcconfig; sourceTree = "<group>"; };
		5E497D8524BB444200EE584E /* PersistentMetroCardDataStoreTests.swift */ = {isa = PBXFileReference; lastKnownFileType = sourcecode.swift; path = PersistentMetroCardDataStoreTests.swift; sourceTree = "<group>"; };
		5E497D8724BB456100EE584E /* SymbolicLocationTests.swift */ = {isa = PBXFileReference; lastKnownFileType = sourcecode.swift; path = SymbolicLocationTests.swift; sourceTree = "<group>"; };
		5E497D8924BB4BDC00EE584E /* PersistentStoreTests.swift */ = {isa = PBXFileReference; lastKnownFileType = sourcecode.swift; path = PersistentStoreTests.swift; sourceTree = "<group>"; };
		5E497D8B24BB4C2E00EE584E /* FileBasedTestCase.swift */ = {isa = PBXFileReference; lastKnownFileType = sourcecode.swift; path = FileBasedTestCase.swift; sourceTree = "<group>"; };
		5E497D8F24BB504000EE584E /* MetroCard+Mock.swift */ = {isa = PBXFileReference; lastKnownFileType = sourcecode.swift; path = "MetroCard+Mock.swift"; sourceTree = "<group>"; };
		5E497D9324BC822B00EE584E /* DatePickerSheet.swift */ = {isa = PBXFileReference; lastKnownFileType = sourcecode.swift; path = DatePickerSheet.swift; sourceTree = "<group>"; };
		5E497D9524BC866C00EE584E /* ModalSheet.swift */ = {isa = PBXFileReference; lastKnownFileType = sourcecode.swift; path = ModalSheet.swift; sourceTree = "<group>"; };
		5E497D9924BD083A00EE584E /* RootViewModel.swift */ = {isa = PBXFileReference; lastKnownFileType = sourcecode.swift; path = RootViewModel.swift; sourceTree = "<group>"; };
		5E497D9B24BD0AAA00EE584E /* BackgroundView.swift */ = {isa = PBXFileReference; lastKnownFileType = sourcecode.swift; path = BackgroundView.swift; sourceTree = "<group>"; };
		5E497D9D24BD164300EE584E /* ErrorScreen.swift */ = {isa = PBXFileReference; lastKnownFileType = sourcecode.swift; path = ErrorScreen.swift; sourceTree = "<group>"; };
		5E497D9F24BD167C00EE584E /* MetroCardActionButton.swift */ = {isa = PBXFileReference; lastKnownFileType = sourcecode.swift; path = MetroCardActionButton.swift; sourceTree = "<group>"; };
		5E497DA124BD378200EE584E /* MetroCardActionGrid.swift */ = {isa = PBXFileReference; lastKnownFileType = sourcecode.swift; path = MetroCardActionGrid.swift; sourceTree = "<group>"; };
		5E497DA524BD3CC400EE584E /* TextFieldAlert+Factory.swift */ = {isa = PBXFileReference; lastKnownFileType = sourcecode.swift; path = "TextFieldAlert+Factory.swift"; sourceTree = "<group>"; };
		5EC7A60724BDE8F200E3ED39 /* Design+Fonts.swift */ = {isa = PBXFileReference; lastKnownFileType = sourcecode.swift; path = "Design+Fonts.swift"; sourceTree = "<group>"; };
		5EC7A60A24BDEF0300E3ED39 /* UserPreferences.swift */ = {isa = PBXFileReference; lastKnownFileType = sourcecode.swift; path = UserPreferences.swift; sourceTree = "<group>"; };
		5EC7A60C24BDF15800E3ED39 /* PropertyListRepresentable.swift */ = {isa = PBXFileReference; lastKnownFileType = sourcecode.swift; path = PropertyListRepresentable.swift; sourceTree = "<group>"; };
		5EC7A60E24BDF2B900E3ED39 /* UserPreferenceKey.swift */ = {isa = PBXFileReference; lastKnownFileType = sourcecode.swift; path = UserPreferenceKey.swift; sourceTree = "<group>"; };
		5EC7A61024BDF68100E3ED39 /* OnboardingTipView.swift */ = {isa = PBXFileReference; lastKnownFileType = sourcecode.swift; path = OnboardingTipView.swift; sourceTree = "<group>"; };
		5EC7A61224BE003200E3ED39 /* Localizable.stringsdict */ = {isa = PBXFileReference; lastKnownFileType = text.plist.stringsdict; path = Localizable.stringsdict; sourceTree = "<group>"; };
		5ED4E28624B3E33300B37946 /* Metro Buddy.app */ = {isa = PBXFileReference; explicitFileType = wrapper.application; includeInIndex = 0; path = "Metro Buddy.app"; sourceTree = BUILT_PRODUCTS_DIR; };
		5ED4E28924B3E33300B37946 /* AppDelegate.swift */ = {isa = PBXFileReference; lastKnownFileType = sourcecode.swift; path = AppDelegate.swift; sourceTree = "<group>"; };
		5ED4E28B24B3E33400B37946 /* MetroCardScreen.swift */ = {isa = PBXFileReference; lastKnownFileType = sourcecode.swift; path = MetroCardScreen.swift; sourceTree = "<group>"; };
		5ED4E28D24B3E33D00B37946 /* Assets.xcassets */ = {isa = PBXFileReference; lastKnownFileType = folder.assetcatalog; path = Assets.xcassets; sourceTree = "<group>"; };
		5ED4E29024B3E33D00B37946 /* Preview Assets.xcassets */ = {isa = PBXFileReference; lastKnownFileType = folder.assetcatalog; path = "Preview Assets.xcassets"; sourceTree = "<group>"; };
		5ED4E29224B3E33D00B37946 /* App.Info.plist */ = {isa = PBXFileReference; lastKnownFileType = text.plist.xml; path = App.Info.plist; sourceTree = "<group>"; };
		5ED4E29D24B3E3B400B37946 /* MetroKit.framework */ = {isa = PBXFileReference; explicitFileType = wrapper.framework; includeInIndex = 0; path = MetroKit.framework; sourceTree = BUILT_PRODUCTS_DIR; };
		5ED4E2A024B3E3B400B37946 /* MetroKit.Info.plist */ = {isa = PBXFileReference; lastKnownFileType = text.plist.xml; path = MetroKit.Info.plist; sourceTree = "<group>"; };
		5ED4E2A524B3E3B400B37946 /* MetroKitTests.xctest */ = {isa = PBXFileReference; explicitFileType = wrapper.cfbundle; includeInIndex = 0; path = MetroKitTests.xctest; sourceTree = BUILT_PRODUCTS_DIR; };
		5ED4E2AE24B3E3B400B37946 /* Info.plist */ = {isa = PBXFileReference; lastKnownFileType = text.plist.xml; path = Info.plist; sourceTree = "<group>"; };
		5ED4E2BB24B3E3D500B37946 /* MetroDataStore.swift */ = {isa = PBXFileReference; lastKnownFileType = sourcecode.swift; path = MetroDataStore.swift; sourceTree = "<group>"; };
		5ED4E2BF24B3E3EB00B37946 /* MetroCard.swift */ = {isa = PBXFileReference; lastKnownFileType = sourcecode.swift; path = MetroCard.swift; sourceTree = "<group>"; };
		5ED4E2C424B3E56200B37946 /* Base.xcconfig */ = {isa = PBXFileReference; lastKnownFileType = text.xcconfig; path = Base.xcconfig; sourceTree = "<group>"; };
		5ED4E2C724B400BF00B37946 /* App.xcconfig */ = {isa = PBXFileReference; lastKnownFileType = text.xcconfig; path = App.xcconfig; sourceTree = "<group>"; };
		5ED4E2CD24B408AA00B37946 /* MockFileManager.swift */ = {isa = PBXFileReference; lastKnownFileType = sourcecode.swift; path = MockFileManager.swift; sourceTree = "<group>"; };
/* End PBXFileReference section */

/* Begin PBXFrameworksBuildPhase section */
		5ED4E28324B3E33300B37946 /* Frameworks */ = {
			isa = PBXFrameworksBuildPhase;
			buildActionMask = 2147483647;
			files = (
				5ED4E2B224B3E3B400B37946 /* MetroKit.framework in Frameworks */,
				5E421A4324C1070400AB8ED4 /* CloudKit.framework in Frameworks */,
			);
			runOnlyForDeploymentPostprocessing = 0;
		};
		5ED4E29A24B3E3B400B37946 /* Frameworks */ = {
			isa = PBXFrameworksBuildPhase;
			buildActionMask = 2147483647;
			files = (
				5E497D7F24BB3EB100EE584E /* CombineExt in Frameworks */,
			);
			runOnlyForDeploymentPostprocessing = 0;
		};
		5ED4E2A224B3E3B400B37946 /* Frameworks */ = {
			isa = PBXFrameworksBuildPhase;
			buildActionMask = 2147483647;
			files = (
				5ED4E2A624B3E3B400B37946 /* MetroKit.framework in Frameworks */,
			);
			runOnlyForDeploymentPostprocessing = 0;
		};
/* End PBXFrameworksBuildPhase section */

/* Begin PBXGroup section */
		5E03303F24BE9908001D86D1 /* Toast */ = {
			isa = PBXGroup;
			children = (
				5E03303B24BE055B001D86D1 /* Toast.swift */,
				5E03303D24BE117B001D86D1 /* ToastQueue.swift */,
			);
			path = Toast;
			sourceTree = "<group>";
		};
		5E03304B24BF4137001D86D1 /* Error */ = {
			isa = PBXGroup;
			children = (
				5E03304924BF4120001D86D1 /* UserFacingError.swift */,
				5E03304324BF3B92001D86D1 /* ErrorMessage.swift */,
			);
			path = Error;
			sourceTree = "<group>";
		};
		5E03305124BF5F5F001D86D1 /* Components */ = {
			isa = PBXGroup;
			children = (
				5E17B46024C10366000FA57E /* Design */,
				5EC4EDED24C0E80600747DA3 /* Views */,
				5EC4EDEC24C0E7FA00747DA3 /* Sheets */,
				5E17D37224BF64A2003E99D1 /* Helpers */,
			);
			path = Components;
			sourceTree = "<group>";
		};
		5E03305224BF5FA9001D86D1 /* Environment */ = {
			isa = PBXGroup;
			children = (
				5E17D37324BF659D003E99D1 /* InfoPlist.swift */,
				5E03304724BF3C53001D86D1 /* AppConfiguration.swift */,
				5E03305324BF5FBA001D86D1 /* Haptics.swift */,
			);
			path = Environment;
			sourceTree = "<group>";
		};
		5E03305524BF5FCE001D86D1 /* Screens */ = {
			isa = PBXGroup;
			children = (
				5E03305624BF5FD3001D86D1 /* Root */,
				5E03305724BF5FDE001D86D1 /* Error */,
				5E03305824BF5FF3001D86D1 /* Card */,
			);
			path = Screens;
			sourceTree = "<group>";
		};
		5E03305624BF5FD3001D86D1 /* Root */ = {
			isa = PBXGroup;
			children = (
				5E497D6024B9433600EE584E /* RootView.swift */,
				5E497D9924BD083A00EE584E /* RootViewModel.swift */,
			);
			path = Root;
			sourceTree = "<group>";
		};
		5E03305724BF5FDE001D86D1 /* Error */ = {
			isa = PBXGroup;
			children = (
				5E497D9D24BD164300EE584E /* ErrorScreen.swift */,
			);
			path = Error;
			sourceTree = "<group>";
		};
		5E03305824BF5FF3001D86D1 /* Card */ = {
			isa = PBXGroup;
			children = (
				5E17D37024BF6234003E99D1 /* MetroCardData.swift */,
				5E497D5224B92D2300EE584E /* MetroCardViewModel.swift */,
				5ED4E28B24B3E33400B37946 /* MetroCardScreen.swift */,
				5E03305C24BF60A5001D86D1 /* Views */,
			);
			path = Card;
			sourceTree = "<group>";
		};
		5E03305924BF6060001D86D1 /* Helpers */ = {
			isa = PBXGroup;
			children = (
				5E03305A24BF6069001D86D1 /* View+Helpers.swift */,
				5E17D36E24BF611A003E99D1 /* Decimal+Helpers.swift */,
			);
			path = Helpers;
			sourceTree = "<group>";
		};
		5E03305C24BF60A5001D86D1 /* Views */ = {
			isa = PBXGroup;
			children = (
				5E497D4724B8CF1500EE584E /* MetroCardView.swift */,
				5EC7A61024BDF68100E3ED39 /* OnboardingTipView.swift */,
				5E497DA124BD378200EE584E /* MetroCardActionGrid.swift */,
				5E497D9F24BD167C00EE584E /* MetroCardActionButton.swift */,
				5E497D4524B7EFF500EE584E /* MetroCardShape.swift */,
			);
			path = Views;
			sourceTree = "<group>";
		};
		5E17B46024C10366000FA57E /* Design */ = {
			isa = PBXGroup;
			children = (
				5EC7A60724BDE8F200E3ED39 /* Design+Fonts.swift */,
				5E421A3A24C103E200AB8ED4 /* Design+Colors.swift */,
				5E421A3C24C103FE00AB8ED4 /* Design+Images.swift */,
				5E421A3E24C1041700AB8ED4 /* Design+Shapes.swift */,
			);
			path = Design;
			sourceTree = "<group>";
		};
		5E17D37224BF64A2003E99D1 /* Helpers */ = {
			isa = PBXGroup;
			children = (
				5E497DA524BD3CC400EE584E /* TextFieldAlert+Factory.swift */,
				5E17D37A24C0AE03003E99D1 /* TextFieldAlert+UIAlertController.swift */,
				5E17D37C24C0BE97003E99D1 /* TextFieldAlertWrapper.swift */,
				5E03304F24BF5001001D86D1 /* MailComposer+Factory.swift */,
				5E17D37824BFD1A7003E99D1 /* Alert+ErrorMessage.swift */,
				5E421A7124C1D7D900AB8ED4 /* ContentSize+UIKit.swift */,
				5E421A7324C1F12900AB8ED4 /* ColorScheme+Helpers.swift */,
			);
			path = Helpers;
			sourceTree = "<group>";
		};
		5E17D37524BFCF28003E99D1 /* Helpers */ = {
			isa = PBXGroup;
			children = (
				5E17D37624BFCF34003E99D1 /* TaskCompletion.swift */,
			);
			path = Helpers;
			sourceTree = "<group>";
		};
		5E421A4124C1070400AB8ED4 /* Frameworks */ = {
			isa = PBXGroup;
			children = (
				5E421A4224C1070400AB8ED4 /* CloudKit.framework */,
			);
			name = Frameworks;
			sourceTree = "<group>";
		};
		5E497D6C24BA5A8700EE584E /* Core Data */ = {
			isa = PBXGroup;
			children = (
				5ED4E2BB24B3E3D500B37946 /* MetroDataStore.swift */,
				5E497D7424BA617400EE584E /* MetroCardDataStoreError.swift */,
				5E497D6624BA278500EE584E /* ManagedObjectObserver.swift */,
				5E497D7124BA5ECC00EE584E /* Helpers */,
			);
			path = "Core Data";
			sourceTree = "<group>";
		};
		5E497D7124BA5ECC00EE584E /* Helpers */ = {
			isa = PBXGroup;
			children = (
				5E497D5E24B93E0B00EE584E /* PersistentStore.swift */,
				5E497D7224BA5EE500EE584E /* SymbolicLocation.swift */,
				5E497D6D24BA5A9D00EE584E /* NSPersistentContainer+Helpers.swift */,
				5E497D6F24BA5D9900EE584E /* NSManagedObjectModel+Helpers.swift */,
			);
			path = Helpers;
			sourceTree = "<group>";
		};
		5E497D8324BB3FA100EE584E /* Configs */ = {
			isa = PBXGroup;
			children = (
				5ED4E2C424B3E56200B37946 /* Base.xcconfig */,
				5ED4E2C724B400BF00B37946 /* App.xcconfig */,
				5E497D8424BB401100EE584E /* MetroKit.xcconfig */,
				5ED4E29224B3E33D00B37946 /* App.Info.plist */,
				5ED4E2A024B3E3B400B37946 /* MetroKit.Info.plist */,
				5E03304524BF3C29001D86D1 /* App.Configuration.plist */,
				5E421A4024C106F100AB8ED4 /* MetroBuddy.entitlements */,
			);
			path = Configs;
			sourceTree = "<group>";
		};
		5EC4EDEC24C0E7FA00747DA3 /* Sheets */ = {
			isa = PBXGroup;
			children = (
				5E03304D24BF49A4001D86D1 /* MailComposer.swift */,
				5E497D6224B9503300EE584E /* TextFieldAlert.swift */,
				5E497D9324BC822B00EE584E /* DatePickerSheet.swift */,
				5E497D9524BC866C00EE584E /* ModalSheet.swift */,
			);
			path = Sheets;
			sourceTree = "<group>";
		};
		5EC4EDED24C0E80600747DA3 /* Views */ = {
			isa = PBXGroup;
			children = (
				5E03303F24BE9908001D86D1 /* Toast */,
				5E497D4924B8E1BC00EE584E /* RoundedButton.swift */,
				5E17B45E24C0FEBD000FA57E /* ScaleButtonStyle.swift */,
				5E497D9B24BD0AAA00EE584E /* BackgroundView.swift */,
				5E497D4F24B9104000EE584E /* NavigationBar.swift */,
				5E421A6F24C1D70D00AB8ED4 /* FlexibleStack.swift */,
			);
			path = Views;
			sourceTree = "<group>";
		};
		5EC7A60924BDEEF400E3ED39 /* Preferences */ = {
			isa = PBXGroup;
			children = (
				5EC7A60A24BDEF0300E3ED39 /* UserPreferences.swift */,
				5EC7A60C24BDF15800E3ED39 /* PropertyListRepresentable.swift */,
				5EC7A60E24BDF2B900E3ED39 /* UserPreferenceKey.swift */,
			);
			path = Preferences;
			sourceTree = "<group>";
		};
		5ED4E27D24B3E33300B37946 = {
			isa = PBXGroup;
			children = (
				5E497D8324BB3FA100EE584E /* Configs */,
				5ED4E28824B3E33300B37946 /* App */,
				5ED4E29E24B3E3B400B37946 /* MetroKit */,
				5ED4E2AB24B3E3B400B37946 /* MetroKitTests */,
				5ED4E28724B3E33300B37946 /* Products */,
				5E421A4124C1070400AB8ED4 /* Frameworks */,
			);
			sourceTree = "<group>";
		};
		5ED4E28724B3E33300B37946 /* Products */ = {
			isa = PBXGroup;
			children = (
				5ED4E28624B3E33300B37946 /* Metro Buddy.app */,
				5ED4E29D24B3E3B400B37946 /* MetroKit.framework */,
				5ED4E2A524B3E3B400B37946 /* MetroKitTests.xctest */,
			);
			name = Products;
			sourceTree = "<group>";
		};
		5ED4E28824B3E33300B37946 /* App */ = {
			isa = PBXGroup;
			children = (
				5ED4E28924B3E33300B37946 /* AppDelegate.swift */,
				5E03305524BF5FCE001D86D1 /* Screens */,
				5E03305224BF5FA9001D86D1 /* Environment */,
				5E03305124BF5F5F001D86D1 /* Components */,
				5E03305924BF6060001D86D1 /* Helpers */,
				5EC7A61224BE003200E3ED39 /* Localizable.stringsdict */,
				5E497D4B24B8F32D00EE584E /* LaunchScreen.storyboard */,
				5ED4E28D24B3E33D00B37946 /* Assets.xcassets */,
				5ED4E28F24B3E33D00B37946 /* Preview Content */,
			);
			path = App;
			sourceTree = "<group>";
		};
		5ED4E28F24B3E33D00B37946 /* Preview Content */ = {
			isa = PBXGroup;
			children = (
				5ED4E29024B3E33D00B37946 /* Preview Assets.xcassets */,
			);
			path = "Preview Content";
			sourceTree = "<group>";
		};
		5ED4E29E24B3E3B400B37946 /* MetroKit */ = {
			isa = PBXGroup;
			children = (
				5ED4E2C324B3E52C00B37946 /* Models */,
				5E497D6C24BA5A8700EE584E /* Core Data */,
				5EC7A60924BDEEF400E3ED39 /* Preferences */,
				5E17D37524BFCF28003E99D1 /* Helpers */,
			);
			path = MetroKit;
			sourceTree = "<group>";
		};
		5ED4E2AB24B3E3B400B37946 /* MetroKitTests */ = {
			isa = PBXGroup;
			children = (
				5E497D8524BB444200EE584E /* PersistentMetroCardDataStoreTests.swift */,
				5E497D8724BB456100EE584E /* SymbolicLocationTests.swift */,
				5E497D8924BB4BDC00EE584E /* PersistentStoreTests.swift */,
				5E421A4424C1160B00AB8ED4 /* ObjectReferenceTests.swift */,
				5E421A4624C117DD00AB8ED4 /* UserPreferencesTests.swift */,
				5ED4E2CC24B4089C00B37946 /* Helpers */,
				5ED4E2AE24B3E3B400B37946 /* Info.plist */,
			);
			path = MetroKitTests;
			sourceTree = "<group>";
		};
		5ED4E2C324B3E52C00B37946 /* Models */ = {
			isa = PBXGroup;
			children = (
				5E497D5524B92DA300EE584E /* MetroModels.xcdatamodeld */,
				5ED4E2BF24B3E3EB00B37946 /* MetroCard.swift */,
				5E497D5A24B9305A00EE584E /* MetroCardUpdate.swift */,
				5E497D5824B92F6D00EE584E /* ObjectReference.swift */,
				5E03304B24BF4137001D86D1 /* Error */,
			);
			path = Models;
			sourceTree = "<group>";
		};
		5ED4E2CC24B4089C00B37946 /* Helpers */ = {
			isa = PBXGroup;
			children = (
				5ED4E2CD24B408AA00B37946 /* MockFileManager.swift */,
				5E497D8B24BB4C2E00EE584E /* FileBasedTestCase.swift */,
				5E497D8F24BB504000EE584E /* MetroCard+Mock.swift */,
			);
			path = Helpers;
			sourceTree = "<group>";
		};
/* End PBXGroup section */

/* Begin PBXHeadersBuildPhase section */
		5ED4E29824B3E3B400B37946 /* Headers */ = {
			isa = PBXHeadersBuildPhase;
			buildActionMask = 2147483647;
			files = (
			);
			runOnlyForDeploymentPostprocessing = 0;
		};
/* End PBXHeadersBuildPhase section */

/* Begin PBXNativeTarget section */
		5ED4E28524B3E33300B37946 /* Metro Buddy */ = {
			isa = PBXNativeTarget;
			buildConfigurationList = 5ED4E29524B3E33D00B37946 /* Build configuration list for PBXNativeTarget "Metro Buddy" */;
			buildPhases = (
				5ED4E28224B3E33300B37946 /* Sources */,
				5ED4E28324B3E33300B37946 /* Frameworks */,
				5ED4E28424B3E33300B37946 /* Resources */,
				5ED4E2B724B3E3B400B37946 /* Embed Frameworks */,
			);
			buildRules = (
			);
			dependencies = (
				5ED4E2B124B3E3B400B37946 /* PBXTargetDependency */,
			);
			name = "Metro Buddy";
			packageProductDependencies = (
			);
			productName = "Metro Buddy";
			productReference = 5ED4E28624B3E33300B37946 /* Metro Buddy.app */;
			productType = "com.apple.product-type.application";
		};
		5ED4E29C24B3E3B400B37946 /* MetroKit */ = {
			isa = PBXNativeTarget;
			buildConfigurationList = 5ED4E2B424B3E3B400B37946 /* Build configuration list for PBXNativeTarget "MetroKit" */;
			buildPhases = (
				5ED4E29824B3E3B400B37946 /* Headers */,
				5ED4E29924B3E3B400B37946 /* Sources */,
				5ED4E29A24B3E3B400B37946 /* Frameworks */,
				5ED4E29B24B3E3B400B37946 /* Resources */,
			);
			buildRules = (
			);
			dependencies = (
			);
			name = MetroKit;
			packageProductDependencies = (
				5E497D7E24BB3EB100EE584E /* CombineExt */,
			);
			productName = MetroKit;
			productReference = 5ED4E29D24B3E3B400B37946 /* MetroKit.framework */;
			productType = "com.apple.product-type.framework";
		};
		5ED4E2A424B3E3B400B37946 /* MetroKitTests */ = {
			isa = PBXNativeTarget;
			buildConfigurationList = 5ED4E2B824B3E3B400B37946 /* Build configuration list for PBXNativeTarget "MetroKitTests" */;
			buildPhases = (
				5ED4E2A124B3E3B400B37946 /* Sources */,
				5ED4E2A224B3E3B400B37946 /* Frameworks */,
				5ED4E2A324B3E3B400B37946 /* Resources */,
			);
			buildRules = (
			);
			dependencies = (
				5ED4E2A824B3E3B400B37946 /* PBXTargetDependency */,
			);
			name = MetroKitTests;
			productName = MetroKitTests;
			productReference = 5ED4E2A524B3E3B400B37946 /* MetroKitTests.xctest */;
			productType = "com.apple.product-type.bundle.unit-test";
		};
/* End PBXNativeTarget section */

/* Begin PBXProject section */
		5ED4E27E24B3E33300B37946 /* Project object */ = {
			isa = PBXProject;
			attributes = {
				LastSwiftUpdateCheck = 1200;
				LastUpgradeCheck = 1200;
				TargetAttributes = {
					5ED4E28524B3E33300B37946 = {
						CreatedOnToolsVersion = 12.0;
					};
					5ED4E29C24B3E3B400B37946 = {
						CreatedOnToolsVersion = 12.0;
						LastSwiftMigration = 1200;
					};
					5ED4E2A424B3E3B400B37946 = {
						CreatedOnToolsVersion = 12.0;
					};
				};
			};
			buildConfigurationList = 5ED4E28124B3E33300B37946 /* Build configuration list for PBXProject "MetroBuddy" */;
			compatibilityVersion = "Xcode 9.3";
			developmentRegion = en;
			hasScannedForEncodings = 0;
			knownRegions = (
				en,
				Base,
			);
			mainGroup = 5ED4E27D24B3E33300B37946;
			packageReferences = (
				5E497D7D24BB3EB100EE584E /* XCRemoteSwiftPackageReference "CombineExt" */,
			);
			productRefGroup = 5ED4E28724B3E33300B37946 /* Products */;
			projectDirPath = "";
			projectRoot = "";
			targets = (
				5ED4E28524B3E33300B37946 /* Metro Buddy */,
				5ED4E29C24B3E3B400B37946 /* MetroKit */,
				5ED4E2A424B3E3B400B37946 /* MetroKitTests */,
			);
		};
/* End PBXProject section */

/* Begin PBXResourcesBuildPhase section */
		5ED4E28424B3E33300B37946 /* Resources */ = {
			isa = PBXResourcesBuildPhase;
			buildActionMask = 2147483647;
			files = (
				5E03304624BF3C29001D86D1 /* App.Configuration.plist in Resources */,
				5E497D4C24B8F32D00EE584E /* LaunchScreen.storyboard in Resources */,
				5EC7A61324BE003200E3ED39 /* Localizable.stringsdict in Resources */,
				5ED4E29124B3E33D00B37946 /* Preview Assets.xcassets in Resources */,
				5ED4E28E24B3E33D00B37946 /* Assets.xcassets in Resources */,
			);
			runOnlyForDeploymentPostprocessing = 0;
		};
		5ED4E29B24B3E3B400B37946 /* Resources */ = {
			isa = PBXResourcesBuildPhase;
			buildActionMask = 2147483647;
			files = (
			);
			runOnlyForDeploymentPostprocessing = 0;
		};
		5ED4E2A324B3E3B400B37946 /* Resources */ = {
			isa = PBXResourcesBuildPhase;
			buildActionMask = 2147483647;
			files = (
			);
			runOnlyForDeploymentPostprocessing = 0;
		};
/* End PBXResourcesBuildPhase section */

/* Begin PBXSourcesBuildPhase section */
		5ED4E28224B3E33300B37946 /* Sources */ = {
			isa = PBXSourcesBuildPhase;
			buildActionMask = 2147483647;
			files = (
				5E17B45F24C0FEBD000FA57E /* ScaleButtonStyle.swift in Sources */,
				5E421A3D24C103FE00AB8ED4 /* Design+Images.swift in Sources */,
				5E03304824BF3C53001D86D1 /* AppConfiguration.swift in Sources */,
				5E03305B24BF6069001D86D1 /* View+Helpers.swift in Sources */,
				5E03303E24BE117B001D86D1 /* ToastQueue.swift in Sources */,
				5E497D6124B9433600EE584E /* RootView.swift in Sources */,
				5E421A3B24C103E200AB8ED4 /* Design+Colors.swift in Sources */,
				5E17D37924BFD1A7003E99D1 /* Alert+ErrorMessage.swift in Sources */,
				5E497D5424B92D4F00EE584E /* MetroCardViewModel.swift in Sources */,
				5EC7A60824BDE8F200E3ED39 /* Design+Fonts.swift in Sources */,
				5E17D37B24C0AE04003E99D1 /* TextFieldAlert+UIAlertController.swift in Sources */,
				5E421A7424C1F12A00AB8ED4 /* ColorScheme+Helpers.swift in Sources */,
				5E17D37424BF659D003E99D1 /* InfoPlist.swift in Sources */,
				5E03305024BF5001001D86D1 /* MailComposer+Factory.swift in Sources */,
				5E497D9C24BD0AAA00EE584E /* BackgroundView.swift in Sources */,
				5ED4E28C24B3E33400B37946 /* MetroCardScreen.swift in Sources */,
				5E497DA224BD378300EE584E /* MetroCardActionGrid.swift in Sources */,
				5E497D9E24BD164300EE584E /* ErrorScreen.swift in Sources */,
				5E421A7024C1D70D00AB8ED4 /* FlexibleStack.swift in Sources */,
				5E497D4A24B8E1BC00EE584E /* RoundedButton.swift in Sources */,
				5EC7A61124BDF68100E3ED39 /* OnboardingTipView.swift in Sources */,
				5E497DA024BD167C00EE584E /* MetroCardActionButton.swift in Sources */,
				5E497D4824B8CF1500EE584E /* MetroCardView.swift in Sources */,
				5ED4E28A24B3E33300B37946 /* AppDelegate.swift in Sources */,
				5E497D9A24BD083B00EE584E /* RootViewModel.swift in Sources */,
				5E17D37D24C0BE97003E99D1 /* TextFieldAlertWrapper.swift in Sources */,
				5E03304E24BF49A4001D86D1 /* MailComposer.swift in Sources */,
				5E17D37124BF6234003E99D1 /* MetroCardData.swift in Sources */,
				5E497D4624B7EFF500EE584E /* MetroCardShape.swift in Sources */,
				5E497D9424BC822D00EE584E /* DatePickerSheet.swift in Sources */,
				5E421A7224C1D7D900AB8ED4 /* ContentSize+UIKit.swift in Sources */,
				5E03305424BF5FBA001D86D1 /* Haptics.swift in Sources */,
				5E497D9624BC866C00EE584E /* ModalSheet.swift in Sources */,
				5E497D6324B9503300EE584E /* TextFieldAlert.swift in Sources */,
				5E497D5024B9104000EE584E /* NavigationBar.swift in Sources */,
				5E17D36F24BF611A003E99D1 /* Decimal+Helpers.swift in Sources */,
				5E497DA624BD3CC400EE584E /* TextFieldAlert+Factory.swift in Sources */,
				5E03303C24BE055B001D86D1 /* Toast.swift in Sources */,
				5E421A3F24C1041700AB8ED4 /* Design+Shapes.swift in Sources */,
			);
			runOnlyForDeploymentPostprocessing = 0;
		};
		5ED4E29924B3E3B400B37946 /* Sources */ = {
			isa = PBXSourcesBuildPhase;
			buildActionMask = 2147483647;
			files = (
				5E497D7324BA5EE500EE584E /* SymbolicLocation.swift in Sources */,
				5E497D7024BA5D9900EE584E /* NSManagedObjectModel+Helpers.swift in Sources */,
				5EC7A60B24BDEF0300E3ED39 /* UserPreferences.swift in Sources */,
				5EC7A60F24BDF2B900E3ED39 /* UserPreferenceKey.swift in Sources */,
				5E497D5724B92DA300EE584E /* MetroModels.xcdatamodeld in Sources */,
				5E497D7524BA617400EE584E /* MetroCardDataStoreError.swift in Sources */,
				5E03304A24BF4120001D86D1 /* UserFacingError.swift in Sources */,
				5E497D6E24BA5A9D00EE584E /* NSPersistentContainer+Helpers.swift in Sources */,
				5E497D6724BA278600EE584E /* ManagedObjectObserver.swift in Sources */,
				5E497D5B24B9305A00EE584E /* MetroCardUpdate.swift in Sources */,
				5E497D5924B92F6D00EE584E /* ObjectReference.swift in Sources */,
				5EC7A60D24BDF15800E3ED39 /* PropertyListRepresentable.swift in Sources */,
				5E497D5F24B93E0B00EE584E /* PersistentStore.swift in Sources */,
				5E03304C24BF47E9001D86D1 /* ErrorMessage.swift in Sources */,
				5E17D37724BFCF34003E99D1 /* TaskCompletion.swift in Sources */,
				5ED4E2BC24B3E3D500B37946 /* MetroDataStore.swift in Sources */,
				5ED4E2C024B3E3EB00B37946 /* MetroCard.swift in Sources */,
			);
			runOnlyForDeploymentPostprocessing = 0;
		};
		5ED4E2A124B3E3B400B37946 /* Sources */ = {
			isa = PBXSourcesBuildPhase;
			buildActionMask = 2147483647;
			files = (
				5E421A4524C1160B00AB8ED4 /* ObjectReferenceTests.swift in Sources */,
				5E421A4724C117DD00AB8ED4 /* UserPreferencesTests.swift in Sources */,
				5E497D8624BB444200EE584E /* PersistentMetroCardDataStoreTests.swift in Sources */,
				5E497D8824BB456100EE584E /* SymbolicLocationTests.swift in Sources */,
				5E497D8A24BB4BDC00EE584E /* PersistentStoreTests.swift in Sources */,
				5E497D9024BB504000EE584E /* MetroCard+Mock.swift in Sources */,
				5ED4E2CE24B408AA00B37946 /* MockFileManager.swift in Sources */,
				5E497D8C24BB4C2E00EE584E /* FileBasedTestCase.swift in Sources */,
			);
			runOnlyForDeploymentPostprocessing = 0;
		};
/* End PBXSourcesBuildPhase section */

/* Begin PBXTargetDependency section */
		5ED4E2A824B3E3B400B37946 /* PBXTargetDependency */ = {
			isa = PBXTargetDependency;
			target = 5ED4E29C24B3E3B400B37946 /* MetroKit */;
			targetProxy = 5ED4E2A724B3E3B400B37946 /* PBXContainerItemProxy */;
		};
		5ED4E2B124B3E3B400B37946 /* PBXTargetDependency */ = {
			isa = PBXTargetDependency;
			target = 5ED4E29C24B3E3B400B37946 /* MetroKit */;
			targetProxy = 5ED4E2B024B3E3B400B37946 /* PBXContainerItemProxy */;
		};
/* End PBXTargetDependency section */

/* Begin XCBuildConfiguration section */
		5ED4E29324B3E33D00B37946 /* Debug */ = {
			isa = XCBuildConfiguration;
			buildSettings = {
				ALWAYS_SEARCH_USER_PATHS = NO;
				CLANG_ANALYZER_NONNULL = YES;
				CLANG_ANALYZER_NUMBER_OBJECT_CONVERSION = YES_AGGRESSIVE;
				CLANG_CXX_LANGUAGE_STANDARD = "gnu++14";
				CLANG_CXX_LIBRARY = "libc++";
				CLANG_ENABLE_MODULES = YES;
				CLANG_ENABLE_OBJC_ARC = YES;
				CLANG_ENABLE_OBJC_WEAK = YES;
				CLANG_WARN_BLOCK_CAPTURE_AUTORELEASING = YES;
				CLANG_WARN_BOOL_CONVERSION = YES;
				CLANG_WARN_COMMA = YES;
				CLANG_WARN_CONSTANT_CONVERSION = YES;
				CLANG_WARN_DEPRECATED_OBJC_IMPLEMENTATIONS = YES;
				CLANG_WARN_DIRECT_OBJC_ISA_USAGE = YES_ERROR;
				CLANG_WARN_DOCUMENTATION_COMMENTS = YES;
				CLANG_WARN_EMPTY_BODY = YES;
				CLANG_WARN_ENUM_CONVERSION = YES;
				CLANG_WARN_INFINITE_RECURSION = YES;
				CLANG_WARN_INT_CONVERSION = YES;
				CLANG_WARN_NON_LITERAL_NULL_CONVERSION = YES;
				CLANG_WARN_OBJC_IMPLICIT_RETAIN_SELF = YES;
				CLANG_WARN_OBJC_LITERAL_CONVERSION = YES;
				CLANG_WARN_OBJC_ROOT_CLASS = YES_ERROR;
				CLANG_WARN_QUOTED_INCLUDE_IN_FRAMEWORK_HEADER = YES;
				CLANG_WARN_RANGE_LOOP_ANALYSIS = YES;
				CLANG_WARN_STRICT_PROTOTYPES = YES;
				CLANG_WARN_SUSPICIOUS_MOVE = YES;
				CLANG_WARN_UNGUARDED_AVAILABILITY = YES_AGGRESSIVE;
				CLANG_WARN_UNREACHABLE_CODE = YES;
				CLANG_WARN__DUPLICATE_METHOD_MATCH = YES;
				COPY_PHASE_STRIP = NO;
				DEBUG_INFORMATION_FORMAT = dwarf;
				ENABLE_STRICT_OBJC_MSGSEND = YES;
				ENABLE_TESTABILITY = YES;
				GCC_C_LANGUAGE_STANDARD = gnu11;
				GCC_DYNAMIC_NO_PIC = NO;
				GCC_NO_COMMON_BLOCKS = YES;
				GCC_OPTIMIZATION_LEVEL = 0;
				GCC_PREPROCESSOR_DEFINITIONS = (
					"DEBUG=1",
					"$(inherited)",
				);
				GCC_WARN_64_TO_32_BIT_CONVERSION = YES;
				GCC_WARN_ABOUT_RETURN_TYPE = YES_ERROR;
				GCC_WARN_UNDECLARED_SELECTOR = YES;
				GCC_WARN_UNINITIALIZED_AUTOS = YES_AGGRESSIVE;
				GCC_WARN_UNUSED_FUNCTION = YES;
				GCC_WARN_UNUSED_VARIABLE = YES;
				IPHONEOS_DEPLOYMENT_TARGET = 14.0;
				MTL_ENABLE_DEBUG_INFO = INCLUDE_SOURCE;
				MTL_FAST_MATH = YES;
				ONLY_ACTIVE_ARCH = YES;
				SDKROOT = iphoneos;
				SWIFT_ACTIVE_COMPILATION_CONDITIONS = DEBUG;
				SWIFT_OPTIMIZATION_LEVEL = "-Onone";
			};
			name = Debug;
		};
		5ED4E29424B3E33D00B37946 /* Release */ = {
			isa = XCBuildConfiguration;
			buildSettings = {
				ALWAYS_SEARCH_USER_PATHS = NO;
				CLANG_ANALYZER_NONNULL = YES;
				CLANG_ANALYZER_NUMBER_OBJECT_CONVERSION = YES_AGGRESSIVE;
				CLANG_CXX_LANGUAGE_STANDARD = "gnu++14";
				CLANG_CXX_LIBRARY = "libc++";
				CLANG_ENABLE_MODULES = YES;
				CLANG_ENABLE_OBJC_ARC = YES;
				CLANG_ENABLE_OBJC_WEAK = YES;
				CLANG_WARN_BLOCK_CAPTURE_AUTORELEASING = YES;
				CLANG_WARN_BOOL_CONVERSION = YES;
				CLANG_WARN_COMMA = YES;
				CLANG_WARN_CONSTANT_CONVERSION = YES;
				CLANG_WARN_DEPRECATED_OBJC_IMPLEMENTATIONS = YES;
				CLANG_WARN_DIRECT_OBJC_ISA_USAGE = YES_ERROR;
				CLANG_WARN_DOCUMENTATION_COMMENTS = YES;
				CLANG_WARN_EMPTY_BODY = YES;
				CLANG_WARN_ENUM_CONVERSION = YES;
				CLANG_WARN_INFINITE_RECURSION = YES;
				CLANG_WARN_INT_CONVERSION = YES;
				CLANG_WARN_NON_LITERAL_NULL_CONVERSION = YES;
				CLANG_WARN_OBJC_IMPLICIT_RETAIN_SELF = YES;
				CLANG_WARN_OBJC_LITERAL_CONVERSION = YES;
				CLANG_WARN_OBJC_ROOT_CLASS = YES_ERROR;
				CLANG_WARN_QUOTED_INCLUDE_IN_FRAMEWORK_HEADER = YES;
				CLANG_WARN_RANGE_LOOP_ANALYSIS = YES;
				CLANG_WARN_STRICT_PROTOTYPES = YES;
				CLANG_WARN_SUSPICIOUS_MOVE = YES;
				CLANG_WARN_UNGUARDED_AVAILABILITY = YES_AGGRESSIVE;
				CLANG_WARN_UNREACHABLE_CODE = YES;
				CLANG_WARN__DUPLICATE_METHOD_MATCH = YES;
				COPY_PHASE_STRIP = NO;
				DEBUG_INFORMATION_FORMAT = "dwarf-with-dsym";
				ENABLE_NS_ASSERTIONS = NO;
				ENABLE_STRICT_OBJC_MSGSEND = YES;
				GCC_C_LANGUAGE_STANDARD = gnu11;
				GCC_NO_COMMON_BLOCKS = YES;
				GCC_WARN_64_TO_32_BIT_CONVERSION = YES;
				GCC_WARN_ABOUT_RETURN_TYPE = YES_ERROR;
				GCC_WARN_UNDECLARED_SELECTOR = YES;
				GCC_WARN_UNINITIALIZED_AUTOS = YES_AGGRESSIVE;
				GCC_WARN_UNUSED_FUNCTION = YES;
				GCC_WARN_UNUSED_VARIABLE = YES;
				IPHONEOS_DEPLOYMENT_TARGET = 14.0;
				MTL_ENABLE_DEBUG_INFO = NO;
				MTL_FAST_MATH = YES;
				SDKROOT = iphoneos;
				SWIFT_COMPILATION_MODE = wholemodule;
				SWIFT_OPTIMIZATION_LEVEL = "-O";
				VALIDATE_PRODUCT = YES;
			};
			name = Release;
		};
		5ED4E29624B3E33D00B37946 /* Debug */ = {
			isa = XCBuildConfiguration;
			baseConfigurationReference = 5ED4E2C724B400BF00B37946 /* App.xcconfig */;
			buildSettings = {
				ALWAYS_EMBED_SWIFT_STANDARD_LIBRARIES = YES;
				ASSETCATALOG_COMPILER_APPICON_NAME = AppIcon;
				ASSETCATALOG_COMPILER_GLOBAL_ACCENT_COLOR_NAME = AccentColor;
				CODE_SIGN_STYLE = Automatic;
				DEVELOPMENT_ASSET_PATHS = "\"App/Preview Content\"";
				DEVELOPMENT_TEAM = 75E8K39Z38;
				ENABLE_PREVIEWS = YES;
				LD_RUNPATH_SEARCH_PATHS = (
					"$(inherited)",
					"@executable_path/Frameworks",
				);
				PRODUCT_NAME = "$(TARGET_NAME)";
				TARGETED_DEVICE_FAMILY = 1;
			};
			name = Debug;
		};
		5ED4E29724B3E33D00B37946 /* Release */ = {
			isa = XCBuildConfiguration;
			baseConfigurationReference = 5ED4E2C724B400BF00B37946 /* App.xcconfig */;
			buildSettings = {
				ALWAYS_EMBED_SWIFT_STANDARD_LIBRARIES = YES;
				ASSETCATALOG_COMPILER_APPICON_NAME = AppIcon;
				ASSETCATALOG_COMPILER_GLOBAL_ACCENT_COLOR_NAME = AccentColor;
				CODE_SIGN_STYLE = Automatic;
				DEVELOPMENT_ASSET_PATHS = "\"App/Preview Content\"";
				DEVELOPMENT_TEAM = 75E8K39Z38;
				ENABLE_PREVIEWS = YES;
				LD_RUNPATH_SEARCH_PATHS = (
					"$(inherited)",
					"@executable_path/Frameworks",
				);
				PRODUCT_NAME = "$(TARGET_NAME)";
				TARGETED_DEVICE_FAMILY = 1;
			};
			name = Release;
		};
		5ED4E2B524B3E3B400B37946 /* Debug */ = {
			isa = XCBuildConfiguration;
			baseConfigurationReference = 5E497D8424BB401100EE584E /* MetroKit.xcconfig */;
			buildSettings = {
				CLANG_ENABLE_MODULES = YES;
				CODE_SIGN_STYLE = Automatic;
				DEFINES_MODULE = YES;
				DEVELOPMENT_TEAM = 75E8K39Z38;
				DYLIB_COMPATIBILITY_VERSION = 1;
				DYLIB_INSTALL_NAME_BASE = "@rpath";
				INSTALL_PATH = "$(LOCAL_LIBRARY_DIR)/Frameworks";
				LD_RUNPATH_SEARCH_PATHS = (
					"$(inherited)",
					"@executable_path/Frameworks",
					"@loader_path/Frameworks",
				);
				PRODUCT_NAME = "$(TARGET_NAME:c99extidentifier)";
				SKIP_INSTALL = YES;
				SUPPORTS_MACCATALYST = NO;
				SWIFT_OPTIMIZATION_LEVEL = "-Onone";
				TARGETED_DEVICE_FAMILY = 1;
				VERSIONING_SYSTEM = "apple-generic";
				VERSION_INFO_PREFIX = "";
			};
			name = Debug;
		};
		5ED4E2B624B3E3B400B37946 /* Release */ = {
			isa = XCBuildConfiguration;
			baseConfigurationReference = 5E497D8424BB401100EE584E /* MetroKit.xcconfig */;
			buildSettings = {
				CLANG_ENABLE_MODULES = YES;
				CODE_SIGN_STYLE = Automatic;
				DEFINES_MODULE = YES;
				DEVELOPMENT_TEAM = 75E8K39Z38;
				DYLIB_COMPATIBILITY_VERSION = 1;
				DYLIB_INSTALL_NAME_BASE = "@rpath";
				INSTALL_PATH = "$(LOCAL_LIBRARY_DIR)/Frameworks";
				LD_RUNPATH_SEARCH_PATHS = (
					"$(inherited)",
					"@executable_path/Frameworks",
					"@loader_path/Frameworks",
				);
				PRODUCT_NAME = "$(TARGET_NAME:c99extidentifier)";
				SKIP_INSTALL = YES;
				SUPPORTS_MACCATALYST = NO;
				TARGETED_DEVICE_FAMILY = 1;
				VERSIONING_SYSTEM = "apple-generic";
				VERSION_INFO_PREFIX = "";
			};
			name = Release;
		};
		5ED4E2B924B3E3B400B37946 /* Debug */ = {
			isa = XCBuildConfiguration;
			buildSettings = {
				ALWAYS_EMBED_SWIFT_STANDARD_LIBRARIES = YES;
				CODE_SIGN_STYLE = Automatic;
				DEVELOPMENT_TEAM = 75E8K39Z38;
				INFOPLIST_FILE = MetroKitTests/Info.plist;
				LD_RUNPATH_SEARCH_PATHS = (
					"$(inherited)",
					"@executable_path/Frameworks",
					"@loader_path/Frameworks",
				);
				PRODUCT_BUNDLE_IDENTIFIER = dev.alexisonline.MetroKitTests;
				PRODUCT_NAME = "$(TARGET_NAME)";
				SWIFT_VERSION = 5.0;
				TARGETED_DEVICE_FAMILY = "1,2";
			};
			name = Debug;
		};
		5ED4E2BA24B3E3B400B37946 /* Release */ = {
			isa = XCBuildConfiguration;
			buildSettings = {
				ALWAYS_EMBED_SWIFT_STANDARD_LIBRARIES = YES;
				CODE_SIGN_STYLE = Automatic;
				DEVELOPMENT_TEAM = 75E8K39Z38;
				INFOPLIST_FILE = MetroKitTests/Info.plist;
				LD_RUNPATH_SEARCH_PATHS = (
					"$(inherited)",
					"@executable_path/Frameworks",
					"@loader_path/Frameworks",
				);
				PRODUCT_BUNDLE_IDENTIFIER = dev.alexisonline.MetroKitTests;
				PRODUCT_NAME = "$(TARGET_NAME)";
				SWIFT_VERSION = 5.0;
				TARGETED_DEVICE_FAMILY = "1,2";
			};
			name = Release;
		};
/* End XCBuildConfiguration section */

/* Begin XCConfigurationList section */
		5ED4E28124B3E33300B37946 /* Build configuration list for PBXProject "MetroBuddy" */ = {
			isa = XCConfigurationList;
			buildConfigurations = (
				5ED4E29324B3E33D00B37946 /* Debug */,
				5ED4E29424B3E33D00B37946 /* Release */,
			);
			defaultConfigurationIsVisible = 0;
			defaultConfigurationName = Release;
		};
		5ED4E29524B3E33D00B37946 /* Build configuration list for PBXNativeTarget "Metro Buddy" */ = {
			isa = XCConfigurationList;
			buildConfigurations = (
				5ED4E29624B3E33D00B37946 /* Debug */,
				5ED4E29724B3E33D00B37946 /* Release */,
			);
			defaultConfigurationIsVisible = 0;
			defaultConfigurationName = Release;
		};
		5ED4E2B424B3E3B400B37946 /* Build configuration list for PBXNativeTarget "MetroKit" */ = {
			isa = XCConfigurationList;
			buildConfigurations = (
				5ED4E2B524B3E3B400B37946 /* Debug */,
				5ED4E2B624B3E3B400B37946 /* Release */,
			);
			defaultConfigurationIsVisible = 0;
			defaultConfigurationName = Release;
		};
		5ED4E2B824B3E3B400B37946 /* Build configuration list for PBXNativeTarget "MetroKitTests" */ = {
			isa = XCConfigurationList;
			buildConfigurations = (
				5ED4E2B924B3E3B400B37946 /* Debug */,
				5ED4E2BA24B3E3B400B37946 /* Release */,
			);
			defaultConfigurationIsVisible = 0;
			defaultConfigurationName = Release;
		};
/* End XCConfigurationList section */

/* Begin XCRemoteSwiftPackageReference section */
		5E497D7D24BB3EB100EE584E /* XCRemoteSwiftPackageReference "CombineExt" */ = {
			isa = XCRemoteSwiftPackageReference;
			repositoryURL = "https://github.com/CombineCommunity/CombineExt";
			requirement = {
				kind = upToNextMajorVersion;
				minimumVersion = 1.2.0;
			};
		};
/* End XCRemoteSwiftPackageReference section */

/* Begin XCSwiftPackageProductDependency section */
		5E497D7E24BB3EB100EE584E /* CombineExt */ = {
			isa = XCSwiftPackageProductDependency;
			package = 5E497D7D24BB3EB100EE584E /* XCRemoteSwiftPackageReference "CombineExt" */;
			productName = CombineExt;
		};
/* End XCSwiftPackageProductDependency section */

/* Begin XCVersionGroup section */
		5E497D5524B92DA300EE584E /* MetroModels.xcdatamodeld */ = {
			isa = XCVersionGroup;
			children = (
				5E497D5624B92DA300EE584E /* MetroModels.xcdatamodel */,
			);
			currentVersion = 5E497D5624B92DA300EE584E /* MetroModels.xcdatamodel */;
			path = MetroModels.xcdatamodeld;
			sourceTree = "<group>";
			versionGroupType = wrapper.xcdatamodel;
		};
/* End XCVersionGroup section */
	};
	rootObject = 5ED4E27E24B3E33300B37946 /* Project object */;
}
